<?xml version="1.0" encoding="utf-8"?>
<Project ToolsVersion="4.0" xmlns="http://schemas.microsoft.com/developer/msbuild/2003">
  <ItemGroup>
    <Filter Include="Source Files">
      <UniqueIdentifier>{4FC737F1-C7A5-4376-A066-2A32D752A2FF}</UniqueIdentifier>
      <Extensions>cpp;c;cc;cxx;def;odl;idl;hpj;bat;asm;asmx</Extensions>
    </Filter>
    <Filter Include="Header Files">
      <UniqueIdentifier>{93995380-89BD-4b04-88EB-625FBE52EBFB}</UniqueIdentifier>
      <Extensions>h;hh;hpp;hxx;hm;inl;inc;xsd</Extensions>
    </Filter>
    <Filter Include="Resource Files">
      <UniqueIdentifier>{67DA6AB6-F800-4c08-8B7A-83BB121AAD01}</UniqueIdentifier>
      <Extensions>rc;ico;cur;bmp;dlg;rc2;rct;bin;rgs;gif;jpg;jpeg;jpe;resx;tiff;tif;png;wav;mfcribbon-ms</Extensions>
    </Filter>
    <Filter Include="lib">
      <UniqueIdentifier>{c9ff865e-9a2d-4033-a1f0-7d5476ef1d83}</UniqueIdentifier>
    </Filter>
    <Filter Include="include">
      <UniqueIdentifier>{793b8bc4-1f94-4c82-9285-93d8013bf43a}</UniqueIdentifier>
    </Filter>
    <Filter Include="Resource Files\ima">
      <UniqueIdentifier>{4bdf56ba-6a4c-410d-b7bb-f2007aaad2a8}</UniqueIdentifier>
    </Filter>
    <Filter Include="Resource Files\ima\sprites">
      <UniqueIdentifier>{4c5b86b0-3454-483b-a913-f2db13dcf282}</UniqueIdentifier>
    </Filter>
    <Filter Include="Resource Files\ima\bkg">
      <UniqueIdentifier>{c703215f-dee3-4d75-ad97-60ccf1a34b17}</UniqueIdentifier>
    </Filter>
  </ItemGroup>
  <ItemGroup>
    <Text Include="lib\LICENSE.jpeg.txt">
      <Filter>lib</Filter>
    </Text>
    <Text Include="lib\LICENSE.png.txt">
      <Filter>lib</Filter>
    </Text>
    <Text Include="lib\LICENSE.tiff.txt">
      <Filter>lib</Filter>
    </Text>
    <Text Include="lib\LICENSE.webp.txt">
      <Filter>lib</Filter>
    </Text>
    <Text Include="lib\LICENSE.zlib.txt">
      <Filter>lib</Filter>
    </Text>
    <Text Include="ReadMe.txt">
      <Filter>lib</Filter>
    </Text>
    <Text Include="E:\Datos\LISTAdeFALLAS.txt">
      <Filter>Resource Files</Filter>
    </Text>
    <Text Include="Botones del controlador.txt">
      <Filter>Resource Files</Filter>
    </Text>
  </ItemGroup>
  <ItemGroup>
    <ClInclude Include="stdafx.h">
      <Filter>Header Files</Filter>
    </ClInclude>
    <ClInclude Include="targetver.h">
      <Filter>Header Files</Filter>
    </ClInclude>
    <ClInclude Include="Parser.h">
      <Filter>Header Files</Filter>
    </ClInclude>
    <ClInclude Include="Capa.h">
      <Filter>Header Files</Filter>
    </ClInclude>
    <ClInclude Include="Personaje.h">
      <Filter>Header Files</Filter>
    </ClInclude>
    <ClInclude Include="Ventana.h">
      <Filter>Header Files</Filter>
    </ClInclude>
    <ClInclude Include="Escenario.h">
      <Filter>Header Files</Filter>
    </ClInclude>
    <ClInclude Include="include\SDL_image.h">
      <Filter>include</Filter>
    </ClInclude>
    <ClInclude Include="include\SDL\SDL.h">
      <Filter>include</Filter>
    </ClInclude>
    <ClInclude Include="include\json\json.h">
      <Filter>include</Filter>
    </ClInclude>
    <ClInclude Include="Vista.h">
      <Filter>Header Files</Filter>
    </ClInclude>
    <ClInclude Include="Mundo.h">
      <Filter>Header Files</Filter>
    </ClInclude>
    <ClInclude Include="Cuerpo.h">
      <Filter>Header Files</Filter>
    </ClInclude>
    <ClInclude Include="Vector2D.h">
      <Filter>Header Files</Filter>
    </ClInclude>
    <ClInclude Include="ManejadorULogicas.h">
      <Filter>Header Files</Filter>
    </ClInclude>
    <ClInclude Include="Controlador.h">
      <Filter>Header Files</Filter>
    </ClInclude>
    <ClInclude Include="FechayHora.h">
      <Filter>Header Files</Filter>
    </ClInclude>
    <ClInclude Include="Log.h">
      <Filter>Header Files</Filter>
    </ClInclude>
    <ClInclude Include="Sprites.h">
      <Filter>Header Files</Filter>
    </ClInclude>
    <ClInclude Include="Validador.h">
      <Filter>Header Files</Filter>
    </ClInclude>
    <ClInclude Include="MortalFigther.h">
      <Filter>Header Files</Filter>
    </ClInclude>
    <ClInclude Include="Timer.h">
      <Filter>Header Files</Filter>
    </ClInclude>
    <ClInclude Include="Header.h">
      <Filter>Header Files</Filter>
    </ClInclude>
    <ClInclude Include="Constantes.h">
      <Filter>Header Files</Filter>
    </ClInclude>
    <ClInclude Include="Sensor.h">
      <Filter>Header Files</Filter>
    </ClInclude>
    <ClInclude Include="ConversorDeEventos.h">
      <Filter>Header Files</Filter>
    </ClInclude>
    <ClInclude Include="ControlDeColor.h">
      <Filter>Header Files</Filter>
    </ClInclude>
  </ItemGroup>
  <ItemGroup>
    <ClCompile Include="stdafx.cpp">
      <Filter>Source Files</Filter>
    </ClCompile>
    <ClCompile Include="MortalFighter.cpp">
      <Filter>Source Files</Filter>
    </ClCompile>
    <ClCompile Include="Parser.cpp">
      <Filter>Source Files</Filter>
    </ClCompile>
    <ClCompile Include="Capa.cpp">
      <Filter>Source Files</Filter>
    </ClCompile>
    <ClCompile Include="Personaje.cpp">
      <Filter>Source Files</Filter>
    </ClCompile>
    <ClCompile Include="Ventana.cpp">
      <Filter>Source Files</Filter>
    </ClCompile>
    <ClCompile Include="Escenario.cpp">
      <Filter>Source Files</Filter>
    </ClCompile>
    <ClCompile Include="Vista.cpp">
      <Filter>Source Files</Filter>
    </ClCompile>
    <ClCompile Include="Mundo.cpp">
      <Filter>Source Files</Filter>
    </ClCompile>
    <ClCompile Include="Cuerpo.cpp">
      <Filter>Source Files</Filter>
    </ClCompile>
    <ClCompile Include="Controlador.cpp">
      <Filter>Source Files</Filter>
    </ClCompile>
    <ClCompile Include="Log.cpp">
      <Filter>Source Files</Filter>
    </ClCompile>
    <ClCompile Include="FechayHora.cpp">
      <Filter>Source Files</Filter>
    </ClCompile>
    <ClCompile Include="Sprites.cpp">
      <Filter>Source Files</Filter>
    </ClCompile>
    <ClCompile Include="Validador.cpp">
      <Filter>Source Files</Filter>
    </ClCompile>
    <ClCompile Include="Timer.cpp">
      <Filter>Source Files</Filter>
    </ClCompile>
    <ClCompile Include="Sensor.cpp">
      <Filter>Source Files</Filter>
    </ClCompile>
    <ClCompile Include="ConversorDeEventos.cpp">
      <Filter>Source Files</Filter>
    </ClCompile>
    <ClCompile Include="ControlDeColor.cpp">
      <Filter>Source Files</Filter>
    </ClCompile>
  </ItemGroup>
  <ItemGroup>
    <None Include="jsoncpp.dll">
      <Filter>lib</Filter>
    </None>
    <None Include="lib\libjpeg-9.dll">
      <Filter>lib</Filter>
    </None>
    <None Include="lib\libpng16-16.dll">
      <Filter>lib</Filter>
    </None>
    <None Include="lib\libtiff-5.dll">
      <Filter>lib</Filter>
    </None>
    <None Include="lib\libwebp-4.dll">
      <Filter>lib</Filter>
    </None>
    <None Include="SDL2.dll">
      <Filter>lib</Filter>
    </None>
    <None Include="SDL2_image.dll">
      <Filter>lib</Filter>
    </None>
    <None Include="lib\zlib1.dll">
      <Filter>lib</Filter>
    </None>
    <None Include="pruebaDefecto.json">
      <Filter>Resource Files</Filter>
    </None>
    <None Include="prueba.json">
      <Filter>Resource Files</Filter>
    </None>
    <None Include="sprites.json">
      <Filter>Resource Files</Filter>
    </None>
    <None Include="ima\sprites\KenSF.json">
      <Filter>Resource Files\ima\sprites</Filter>
    </None>
    <None Include="ima\sprites\player1.json">
      <Filter>Resource Files\ima\sprites</Filter>
    </None>
    <None Include="ima\sprites\ScorpionMK3U.json">
      <Filter>Resource Files\ima\sprites</Filter>
    </None>
  </ItemGroup>
  <ItemGroup>
    <Library Include="lib\SDL2_image.lib">
      <Filter>lib</Filter>
    </Library>
    <Library Include="lib\SDL2main.lib">
      <Filter>lib</Filter>
    </Library>
    <Library Include="lib\SDL2test.lib">
      <Filter>lib</Filter>
    </Library>
  </ItemGroup>
  <ItemGroup>
    <Image Include="ima\sprites\player_default.png">
      <Filter>Resource Files\ima\sprites</Filter>
    </Image>
    <Image Include="ima\sprites\player1.png">
      <Filter>Resource Files\ima\sprites</Filter>
    </Image>
    <Image Include="ima\bkg\default_bkg.png">
      <Filter>Resource Files\ima\bkg</Filter>
    </Image>
    <Image Include="ima\bkg\default_capa.png">
      <Filter>Resource Files\ima\bkg</Filter>
    </Image>
    <Image Include="ima\bkg\default_p1.png">
      <Filter>Resource Files\ima\bkg</Filter>
    </Image>
    <Image Include="ima\bkg\default_p2.png">
      <Filter>Resource Files\ima\bkg</Filter>
    </Image>
    <Image Include="ima\bkg\default_p3.png">
      <Filter>Resource Files\ima\bkg</Filter>
    </Image>
    <Image Include="ima\bkg\default_p4.png">
      <Filter>Resource Files\ima\bkg</Filter>
    </Image>
    <Image Include="ima\bkg\p_1.png">
      <Filter>Resource Files\ima\bkg</Filter>
    </Image>
    <Image Include="ima\bkg\p_2.png">
      <Filter>Resource Files\ima\bkg</Filter>
    </Image>
    <Image Include="ima\bkg\p_3.png">
      <Filter>Resource Files\ima\bkg</Filter>
    </Image>
    <Image Include="ima\bkg\p_4.png">
      <Filter>Resource Files\ima\bkg</Filter>
    </Image>
    <Image Include="ima\bkg\p_bkg.png">
      <Filter>Resource Files\ima\bkg</Filter>
    </Image>
    <Image Include="ima\bkg\t_1.png">
      <Filter>Resource Files\ima\bkg</Filter>
    </Image>
    <Image Include="ima\bkg\t_2.png">
      <Filter>Resource Files\ima\bkg</Filter>
    </Image>
    <Image Include="ima\bkg\t_3.png">
      <Filter>Resource Files\ima\bkg</Filter>
    </Image>
    <Image Include="ima\bkg\t_4.png">
      <Filter>Resource Files\ima\bkg</Filter>
    </Image>
    <Image Include="ima\bkg\t_bkg.png">
      <Filter>Resource Files\ima\bkg</Filter>
    </Image>
    <Image Include="ima\sprites\player2.png">
      <Filter>Resource Files\ima\sprites</Filter>
    </Image>
    <Image Include="ima\sprites\KenSF.png">
      <Filter>Resource Files\ima\sprites</Filter>
    </Image>
    <Image Include="ima\bkg\r_bkg.png">
      <Filter>Resource Files\ima\bkg</Filter>
    </Image>
    <Image Include="ima\bkg\r_1.png">
      <Filter>Resource Files\ima\bkg</Filter>
    </Image>
    <Image Include="ima\bkg\r_2.png">
      <Filter>Resource Files\ima\bkg</Filter>
    </Image>
    <Image Include="ima\bkg\r_3.png">
      <Filter>Resource Files\ima\bkg</Filter>
    </Image>
    <Image Include="ima\bkg\r_4.png">
      <Filter>Resource Files\ima\bkg</Filter>
    </Image>
    <Image Include="ima\bkg\LiuKangDamage.png">
      <Filter>Resource Files\ima\bkg</Filter>
    </Image>
    <Image Include="ima\bkg\fight Hd.png">
      <Filter>Resource Files\ima\bkg</Filter>
    </Image>
    <Image Include="ima\bkg\Lifebar.png">
      <Filter>Resource Files\ima\bkg</Filter>
    </Image>
    <Image Include="ima\bkg\LiuKangImage.jpg">
      <Filter>Resource Files\ima\bkg</Filter>
    </Image>
    <Image Include="ima\sprites\ScorpionMK3U.png">
      <Filter>Resource Files\ima\sprites</Filter>
    </Image>
  </ItemGroup>
</Project>